{
  "name": "elo",
  "version": "1.0.0",
  "lockfileVersion": 2,
  "requires": true,
  "packages": {
    "": {
      "name": "elo",
      "version": "1.0.0",
      "license": "ISC",
      "dependencies": {
        "elo-rank": "^1.0.4",
        "markdown-table": "^3.0.3"
      },
      "devDependencies": {
        "@types/elo-rank": "^1.0.1",
        "typescript": "^4.9.5"
      }
    },
    "node_modules/@types/elo-rank": {
      "version": "1.0.1",
      "resolved": "https://registry.npmjs.org/@types/elo-rank/-/elo-rank-1.0.1.tgz",
      "integrity": "sha512-ciHdiXdfUJYN2tAaQ9WcJmJScvQlDDFvT/qEToU6zoFrpRTyjW+cM8cEGPJTe9Qxg/UkeO5v5yuligfwJwD10g==",
      "dev": true
    },
    "node_modules/elo-rank": {
      "version": "1.0.4",
      "resolved": "https://registry.npmjs.org/elo-rank/-/elo-rank-1.0.4.tgz",
      "integrity": "sha512-K1nDpqC2AzWx7EykoOnTwbci50xZPYBsfyR2Tk4h/tVnqvr6n1+8gOlWzK3pxetN5Cmx7XbPT9D0Zam2ikM6Bw=="
    },
    "node_modules/markdown-table": {
      "version": "3.0.3",
      "resolved": "https://registry.npmjs.org/markdown-table/-/markdown-table-3.0.3.tgz",
      "integrity": "sha512-Z1NL3Tb1M9wH4XESsCDEksWoKTdlUafKc4pt0GRwjUyXaCFZ+dc3g2erqB6zm3szA2IUSi7VnPI+o/9jnxh9hw==",
      "funding": {
        "type": "github",
        "url": "https://github.com/sponsors/wooorm"
      }
    },
    "node_modules/typescript": {
      "version": "4.9.5",
      "resolved": "https://registry.npmjs.org/typescript/-/typescript-4.9.5.tgz",
      "integrity": "sha512-1FXk9E2Hm+QzZQ7z+McJiHL4NW1F2EzMu9Nq9i3zAaGqibafqYwCVU6WyWAuyQRRzOlxou8xZSyXLEN8oKj24g==",
      "dev": true,
      "bin": {
        "tsc": "bin/tsc",
        "tsserver": "bin/tsserver"
      },
      "engines": {
        "node": ">=4.2.0"
      }
    }
  },
  "dependencies": {
    "@types/elo-rank": {
      "version": "1.0.1",
      "resolved": "https://registry.npmjs.org/@types/elo-rank/-/elo-rank-1.0.1.tgz",
      "integrity": "sha512-ciHdiXdfUJYN2tAaQ9WcJmJScvQlDDFvT/qEToU6zoFrpRTyjW+cM8cEGPJTe9Qxg/UkeO5v5yuligfwJwD10g==",
      "dev": true
    },
    "elo-rank": {
      "version": "1.0.4",
      "resolved": "https://registry.npmjs.org/elo-rank/-/elo-rank-1.0.4.tgz",
      "integrity": "sha512-K1nDpqC2AzWx7EykoOnTwbci50xZPYBsfyR2Tk4h/tVnqvr6n1+8gOlWzK3pxetN5Cmx7XbPT9D0Zam2ikM6Bw=="
    },
    "markdown-table": {
      "version": "3.0.3",
      "resolved": "https://registry.npmjs.org/markdown-table/-/markdown-table-3.0.3.tgz",
      "integrity": "sha512-Z1NL3Tb1M9wH4XESsCDEksWoKTdlUafKc4pt0GRwjUyXaCFZ+dc3g2erqB6zm3szA2IUSi7VnPI+o/9jnxh9hw=="
    },
    "typescript": {
      "version": "4.9.5",
      "resolved": "https://registry.npmjs.org/typescript/-/typescript-4.9.5.tgz",
      "integrity": "sha512-1FXk9E2Hm+QzZQ7z+McJiHL4NW1F2EzMu9Nq9i3zAaGqibafqYwCVU6WyWAuyQRRzOlxou8xZSyXLEN8oKj24g==",
      "dev": true
    }
  }
}
